// !$*UTF8*$!
{
	archiveVersion = 1;
	classes = {
	};
	objectVersion = 46;
	objects = {

/* Begin PBXBuildFile section */
		A3899FDC1A3881920070FDE8 /* main.m in Sources */ = {isa = PBXBuildFile; fileRef = A3899FDB1A3881920070FDE8 /* main.m */; };
		A3899FDF1A3881920070FDE8 /* AppDelegate.m in Sources */ = {isa = PBXBuildFile; fileRef = A3899FDE1A3881920070FDE8 /* AppDelegate.m */; };
		A3899FE21A3881920070FDE8 /* ViewController.m in Sources */ = {isa = PBXBuildFile; fileRef = A3899FE11A3881920070FDE8 /* ViewController.m */; };
		A3899FE51A3881920070FDE8 /* Main.storyboard in Resources */ = {isa = PBXBuildFile; fileRef = A3899FE31A3881920070FDE8 /* Main.storyboard */; };
		A3899FE71A3881920070FDE8 /* Images.xcassets in Resources */ = {isa = PBXBuildFile; fileRef = A3899FE61A3881920070FDE8 /* Images.xcassets */; };
		A3899FEA1A3881920070FDE8 /* LaunchScreen.xib in Resources */ = {isa = PBXBuildFile; fileRef = A3899FE81A3881920070FDE8 /* LaunchScreen.xib */; };
		A3899FF61A3881930070FDE8 /* TiposDeDatosTests.m in Sources */ = {isa = PBXBuildFile; fileRef = A3899FF51A3881930070FDE8 /* TiposDeDatosTests.m */; };
/* End PBXBuildFile section */

/* Begin PBXContainerItemProxy section */
		A3899FF01A3881930070FDE8 /* PBXContainerItemProxy */ = {
			isa = PBXContainerItemProxy;
			containerPortal = A3899FCE1A3881920070FDE8 /* Project object */;
			proxyType = 1;
			remoteGlobalIDString = A3899FD51A3881920070FDE8;
			remoteInfo = TiposDeDatos;
		};
/* End PBXContainerItemProxy section */

/* Begin PBXFileReference section */
		A3899FD61A3881920070FDE8 /* TiposDeDatos.app */ = {isa = PBXFileReference; explicitFileType = wrapper.application; includeInIndex = 0; path = TiposDeDatos.app; sourceTree = BUILT_PRODUCTS_DIR; };
		A3899FDA1A3881920070FDE8 /* Info.plist */ = {isa = PBXFileReference; lastKnownFileType = text.plist.xml; path = Info.plist; sourceTree = "<group>"; };
		A3899FDB1A3881920070FDE8 /* main.m */ = {isa = PBXFileReference; lastKnownFileType = sourcecode.c.objc; path = main.m; sourceTree = "<group>"; };
		A3899FDD1A3881920070FDE8 /* AppDelegate.h */ = {isa = PBXFileReference; lastKnownFileType = sourcecode.c.h; path = AppDelegate.h; sourceTree = "<group>"; };
		A3899FDE1A3881920070FDE8 /* AppDelegate.m */ = {isa = PBXFileReference; lastKnownFileType = sourcecode.c.objc; path = AppDelegate.m; sourceTree = "<group>"; };
		A3899FE01A3881920070FDE8 /* ViewController.h */ = {isa = PBXFileReference; lastKnownFileType = sourcecode.c.h; path = ViewController.h; sourceTree = "<group>"; };
		A3899FE11A3881920070FDE8 /* ViewController.m */ = {isa = PBXFileReference; lastKnownFileType = sourcecode.c.objc; path = ViewController.m; sourceTree = "<group>"; };
		A3899FE41A3881920070FDE8 /* Base */ = {isa = PBXFileReference; lastKnownFileType = file.storyboard; name = Base; path = Base.lproj/Main.storyboard; sourceTree = "<group>"; };
		A3899FE61A3881920070FDE8 /* Images.xcassets */ = {isa = PBXFileReference; lastKnownFileType = folder.assetcatalog; path = Images.xcassets; sourceTree = "<group>"; };
		A3899FE91A3881920070FDE8 /* Base */ = {isa = PBXFileReference; lastKnownFileType = file.xib; name = Base; path = Base.lproj/LaunchScreen.xib; sourceTree = "<group>"; };
		A3899FEF1A3881930070FDE8 /* TiposDeDatosTests.xctest */ = {isa = PBXFileReference; explicitFileType = wrapper.cfbundle; includeInIndex = 0; path = TiposDeDatosTests.xctest; sourceTree = BUILT_PRODUCTS_DIR; };
		A3899FF41A3881930070FDE8 /* Info.plist */ = {isa = PBXFileReference; lastKnownFileType = text.plist.xml; path = Info.plist; sourceTree = "<group>"; };
		A3899FF51A3881930070FDE8 /* TiposDeDatosTests.m */ = {isa = PBXFileReference; lastKnownFileType = sourcecode.c.objc; path = TiposDeDatosTests.m; sourceTree = "<group>"; };
/* End PBXFileReference section */

/* Begin PBXFrameworksBuildPhase section */
		A3899FD31A3881920070FDE8 /* Frameworks */ = {
			isa = PBXFrameworksBuildPhase;
			buildActionMask = 2147483647;
			files = (
			);
			runOnlyForDeploymentPostprocessing = 0;
		};
		A3899FEC1A3881930070FDE8 /* Frameworks */ = {
			isa = PBXFrameworksBuildPhase;
			buildActionMask = 2147483647;
			files = (
			);
			runOnlyForDeploymentPostprocessing = 0;
		};
/* End PBXFrameworksBuildPhase section */

/* Begin PBXGroup section */
		A3899FCD1A3881920070FDE8 = {
			isa = PBXGroup;
			children = (
				A3899FD81A3881920070FDE8 /* TiposDeDatos */,
				A3899FF21A3881930070FDE8 /* TiposDeDatosTests */,
				A3899FD71A3881920070FDE8 /* Products */,
			);
			sourceTree = "<group>";
		};
		A3899FD71A3881920070FDE8 /* Products */ = {
			isa = PBXGroup;
			children = (
				A3899FD61A3881920070FDE8 /* TiposDeDatos.app */,
				A3899FEF1A3881930070FDE8 /* TiposDeDatosTests.xctest */,
			);
			name = Products;
			sourceTree = "<group>";
		};
		A3899FD81A3881920070FDE8 /* TiposDeDatos */ = {
			isa = PBXGroup;
			children = (
				A3899FDD1A3881920070FDE8 /* AppDelegate.h */,
				A3899FDE1A3881920070FDE8 /* AppDelegate.m */,
				A3899FE01A3881920070FDE8 /* ViewController.h */,
				A3899FE11A3881920070FDE8 /* ViewController.m */,
				A3899FE31A3881920070FDE8 /* Main.storyboard */,
				A3899FE61A3881920070FDE8 /* Images.xcassets */,
				A3899FE81A3881920070FDE8 /* LaunchScreen.xib */,
				A3899FD91A3881920070FDE8 /* Supporting Files */,
			);
			path = TiposDeDatos;
			sourceTree = "<group>";
		};
		A3899FD91A3881920070FDE8 /* Supporting Files */ = {
			isa = PBXGroup;
			children = (
				A3899FDA1A3881920070FDE8 /* Info.plist */,
				A3899FDB1A3881920070FDE8 /* main.m */,
			);
			name = "Supporting Files";
			sourceTree = "<group>";
		};
		A3899FF21A3881930070FDE8 /* TiposDeDatosTests */ = {
			isa = PBXGroup;
			children = (
				A3899FF51A3881930070FDE8 /* TiposDeDatosTests.m */,
				A3899FF31A3881930070FDE8 /* Supporting Files */,
			);
			path = TiposDeDatosTests;
			sourceTree = "<group>";
		};
		A3899FF31A3881930070FDE8 /* Supporting Files */ = {
			isa = PBXGroup;
			children = (
				A3899FF41A3881930070FDE8 /* Info.plist */,
			);
			name = "Supporting Files";
			sourceTree = "<group>";
		};
/* End PBXGroup section */

/* Begin PBXNativeTarget section */
		A3899FD51A3881920070FDE8 /* TiposDeDatos */ = {
			isa = PBXNativeTarget;
			buildConfigurationList = A3899FF91A3881930070FDE8 /* Build configuration list for PBXNativeTarget "TiposDeDatos" */;
			buildPhases = (
				A3899FD21A3881920070FDE8 /* Sources */,
				A3899FD31A3881920070FDE8 /* Frameworks */,
				A3899FD41A3881920070FDE8 /* Resources */,
			);
			buildRules = (
			);
			dependencies = (
			);
			name = TiposDeDatos;
			productName = TiposDeDatos;
			productReference = A3899FD61A3881920070FDE8 /* TiposDeDatos.app */;
			productType = "com.apple.product-type.application";
		};
		A3899FEE1A3881930070FDE8 /* TiposDeDatosTests */ = {
			isa = PBXNativeTarget;
			buildConfigurationList = A3899FFC1A3881930070FDE8 /* Build configuration list for PBXNativeTarget "TiposDeDatosTests" */;
			buildPhases = (
				A3899FEB1A3881930070FDE8 /* Sources */,
				A3899FEC1A3881930070FDE8 /* Frameworks */,
				A3899FED1A3881930070FDE8 /* Resources */,
			);
			buildRules = (
			);
			dependencies = (
				A3899FF11A3881930070FDE8 /* PBXTargetDependency */,
			);
			name = TiposDeDatosTests;
			productName = TiposDeDatosTests;
			productReference = A3899FEF1A3881930070FDE8 /* TiposDeDatosTests.xctest */;
			productType = "com.apple.product-type.bundle.unit-test";
		};
/* End PBXNativeTarget section */

/* Begin PBXProject section */
		A3899FCE1A3881920070FDE8 /* Project object */ = {
			isa = PBXProject;
			attributes = {
				LastUpgradeCheck = 0610;
				ORGANIZATIONNAME = jhonatan;
				TargetAttributes = {
					A3899FD51A3881920070FDE8 = {
						CreatedOnToolsVersion = 6.1;
					};
					A3899FEE1A3881930070FDE8 = {
						CreatedOnToolsVersion = 6.1;
						TestTargetID = A3899FD51A3881920070FDE8;
					};
				};
			};
			buildConfigurationList = A3899FD11A3881920070FDE8 /* Build configuration list for PBXProject "TiposDeDatos" */;
			compatibilityVersion = "Xcode 3.2";
			developmentRegion = English;
			hasScannedForEncodings = 0;
			knownRegions = (
				en,
				Base,
			);
			mainGroup = A3899FCD1A3881920070FDE8;
			productRefGroup = A3899FD71A3881920070FDE8 /* Products */;
			projectDirPath = "";
			projectRoot = "";
			targets = (
				A3899FD51A3881920070FDE8 /* TiposDeDatos */,
				A3899FEE1A3881930070FDE8 /* TiposDeDatosTests */,
			);
		};
/* End PBXProject section */

/* Begin PBXResourcesBuildPhase section */
		A3899FD41A3881920070FDE8 /* Resources */ = {
			isa = PBXResourcesBuildPhase;
			buildActionMask = 2147483647;
			files = (
				A3899FE51A3881920070FDE8 /* Main.storyboard in Resources */,
				A3899FEA1A3881920070FDE8 /* LaunchScreen.xib in Resources */,
				A3899FE71A3881920070FDE8 /* Images.xcassets in Resources */,
			);
			runOnlyForDeploymentPostprocessing = 0;
		};
		A3899FED1A3881930070FDE8 /* Resources */ = {
			isa = PBXResourcesBuildPhase;
			buildActionMask = 2147483647;
			files = (
			);
			runOnlyForDeploymentPostprocessing = 0;
		};
/* End PBXResourcesBuildPhase section */

/* Begin PBXSourcesBuildPhase section */
		A3899FD21A3881920070FDE8 /* Sources */ = {
			isa = PBXSourcesBuildPhase;
			buildActionMask = 2147483647;
			files = (
				A3899FE21A3881920070FDE8 /* ViewController.m in Sources */,
				A3899FDF1A3881920070FDE8 /* AppDelegate.m in Sources */,
				A3899FDC1A3881920070FDE8 /* main.m in Sources */,
			);
			runOnlyForDeploymentPostprocessing = 0;
		};
		A3899FEB1A3881930070FDE8 /* Sources */ = {
			isa = PBXSourcesBuildPhase;
			buildActionMask = 2147483647;
			files = (
				A3899FF61A3881930070FDE8 /* TiposDeDatosTests.m in Sources */,
			);
			runOnlyForDeploymentPostprocessing = 0;
		};
/* End PBXSourcesBuildPhase section */

/* Begin PBXTargetDependency section */
		A3899FF11A3881930070FDE8 /* PBXTargetDependency */ = {
			isa = PBXTargetDependency;
			target = A3899FD51A3881920070FDE8 /* TiposDeDatos */;
			targetProxy = A3899FF01A3881930070FDE8 /* PBXContainerItemProxy */;
		};
/* End PBXTargetDependency section */

/* Begin PBXVariantGroup section */
		A3899FE31A3881920070FDE8 /* Main.storyboard */ = {
			isa = PBXVariantGroup;
			children = (
				A3899FE41A3881920070FDE8 /* Base */,
			);
			name = Main.storyboard;
			sourceTree = "<group>";
		};
		A3899FE81A3881920070FDE8 /* LaunchScreen.xib */ = {
			isa = PBXVariantGroup;
			children = (
				A3899FE91A3881920070FDE8 /* Base */,
			);
			name = LaunchScreen.xib;
			sourceTree = "<group>";
		};
/* End PBXVariantGroup section */

/* Begin XCBuildConfiguration section */
		A3899FF71A3881930070FDE8 /* Debug */ = {
			isa = XCBuildConfiguration;
			buildSettings = {
				ALWAYS_SEARCH_USER_PATHS = NO;
				CLANG_CXX_LANGUAGE_STANDARD = "gnu++0x";
				CLANG_CXX_LIBRARY = "libc++";
				CLANG_ENABLE_MODULES = YES;
				CLANG_ENABLE_OBJC_ARC = YES;
				CLANG_WARN_BOOL_CONVERSION = YES;
				CLANG_WARN_CONSTANT_CONVERSION = YES;
				CLANG_WARN_DIRECT_OBJC_ISA_USAGE = YES_ERROR;
				CLANG_WARN_EMPTY_BODY = YES;
				CLANG_WARN_ENUM_CONVERSION = YES;
				CLANG_WARN_INT_CONVERSION = YES;
				CLANG_WARN_OBJC_ROOT_CLASS = YES_ERROR;
				CLANG_WARN_UNREACHABLE_CODE = YES;
				CLANG_WARN__DUPLICATE_METHOD_MATCH = YES;
				"CODE_SIGN_IDENTITY[sdk=iphoneos*]" = "iPhone Developer";
				COPY_PHASE_STRIP = NO;
				ENABLE_STRICT_OBJC_MSGSEND = YES;
				GCC_C_LANGUAGE_STANDARD = gnu99;
				GCC_DYNAMIC_NO_PIC = NO;
				GCC_OPTIMIZATION_LEVEL = 0;
				GCC_PREPROCESSOR_DEFINITIONS = (
					"DEBUG=1",
					"$(inherited)",
				);
				GCC_SYMBOLS_PRIVATE_EXTERN = NO;
				GCC_WARN_64_TO_32_BIT_CONVERSION = YES;
				GCC_WARN_ABOUT_RETURN_TYPE = YES_ERROR;
				GCC_WARN_UNDECLARED_SELECTOR = YES;
				GCC_WARN_UNINITIALIZED_AUTOS = YES_AGGRESSIVE;
				GCC_WARN_UNUSED_FUNCTION = YES;
				GCC_WARN_UNUSED_VARIABLE = YES;
				IPHONEOS_DEPLOYMENT_TARGET = 8.1;
				MTL_ENABLE_DEBUG_INFO = YES;
				ONLY_ACTIVE_ARCH = YES;
				SDKROOT = iphoneos;
				TARGETED_DEVICE_FAMILY = "1,2";
			};
			name = Debug;
		};
		A3899FF81A3881930070FDE8 /* Release */ = {
			isa = XCBuildConfiguration;
			buildSettings = {
				ALWAYS_SEARCH_USER_PATHS = NO;
				CLANG_CXX_LANGUAGE_STANDARD = "gnu++0x";
				CLANG_CXX_LIBRARY = "libc++";
				CLANG_ENABLE_MODULES = YES;
				CLANG_ENABLE_OBJC_ARC = YES;
				CLANG_WARN_BOOL_CONVERSION = YES;
				CLANG_WARN_CONSTANT_CONVERSION = YES;
				CLANG_WARN_DIRECT_OBJC_ISA_USAGE = YES_ERROR;
				CLANG_WARN_EMPTY_BODY = YES;
				CLANG_WARN_ENUM_CONVERSION = YES;
				CLANG_WARN_INT_CONVERSION = YES;
				CLANG_WARN_OBJC_ROOT_CLASS = YES_ERROR;
				CLANG_WARN_UNREACHABLE_CODE = YES;
				CLANG_WARN__DUPLICATE_METHOD_MATCH = YES;
				"CODE_SIGN_IDENTITY[sdk=iphoneos*]" = "iPhone Developer";
				COPY_PHASE_STRIP = YES;
				ENABLE_NS_ASSERTIONS = NO;
				ENABLE_STRICT_OBJC_MSGSEND = YES;
				GCC_C_LANGUAGE_STANDARD = gnu99;
				GCC_WARN_64_TO_32_BIT_CONVERSION = YES;
				GCC_WARN_ABOUT_RETURN_TYPE = YES_ERROR;
				GCC_WARN_UNDECLARED_SELECTOR = YES;
				GCC_WARN_UNINITIALIZED_AUTOS = YES_AGGRESSIVE;
				GCC_WARN_UNUSED_FUNCTION = YES;
				GCC_WARN_UNUSED_VARIABLE = YES;
				IPHONEOS_DEPLOYMENT_TARGET = 8.1;
				MTL_ENABLE_DEBUG_INFO = NO;
				SDKROOT = iphoneos;
				TARGETED_DEVICE_FAMILY = "1,2";
				VALIDATE_PRODUCT = YES;
			};
			name = Release;
		};
		A3899FFA1A3881930070FDE8 /* Debug */ = {
			isa = XCBuildConfiguration;
			buildSettings = {
				ASSETCATALOG_COMPILER_APPICON_NAME = AppIcon;
				INFOPLIST_FILE = TiposDeDatos/Info.plist;
				LD_RUNPATH_SEARCH_PATHS = "$(inherited) @executable_path/Frameworks";
				PRODUCT_NAME = "$(TARGET_NAME)";
			};
			name = Debug;
		};
		A3899FFB1A3881930070FDE8 /* Release */ = {
			isa = XCBuildConfiguration;
			buildSettings = {
				ASSETCATALOG_COMPILER_APPICON_NAME = AppIcon;
				INFOPLIST_FILE = TiposDeDatos/Info.plist;
				LD_RUNPATH_SEARCH_PATHS = "$(inherited) @executable_path/Frameworks";
				PRODUCT_NAME = "$(TARGET_NAME)";
			};
			name = Release;
		};
		A3899FFD1A3881930070FDE8 /* Debug */ = {
			isa = XCBuildConfiguration;
			buildSettings = {
				BUNDLE_LOADER = "$(TEST_HOST)";
				FRAMEWORK_SEARCH_PATHS = (
					"$(SDKROOT)/Developer/Library/Frameworks",
					"$(inherited)",
				);
				GCC_PREPROCESSOR_DEFINITIONS = (
					"DEBUG=1",
					"$(inherited)",
				);
				INFOPLIST_FILE = TiposDeDatosTests/Info.plist;
				LD_RUNPATH_SEARCH_PATHS = "$(inherited) @executable_path/Frameworks @loader_path/Frameworks";
				PRODUCT_NAME = "$(TARGET_NAME)";
				TEST_HOST = "$(BUILT_PRODUCTS_DIR)/TiposDeDatos.app/TiposDeDatos";
			};
			name = Debug;
		};
		A3899FFE1A3881930070FDE8 /* Release */ = {
			isa = XCBuildConfiguration;
			buildSettings = {
				BUNDLE_LOADER = "$(TEST_HOST)";
				FRAMEWORK_SEARCH_PATHS = (
					"$(SDKROOT)/Developer/Library/Frameworks",
					"$(inherited)",
				);
				INFOPLIST_FILE = TiposDeDatosTests/Info.plist;
				LD_RUNPATH_SEARCH_PATHS = "$(inherited) @executable_path/Frameworks @loader_path/Frameworks";
				PRODUCT_NAME = "$(TARGET_NAME)";
				TEST_HOST = "$(BUILT_PRODUCTS_DIR)/TiposDeDatos.app/TiposDeDatos";
			};
			name = Release;
		};
/* End XCBuildConfiguration section */

/* Begin XCConfigurationList section */
		A3899FD11A3881920070FDE8 /* Build configuration list for PBXProject "TiposDeDatos" */ = {
			isa = XCConfigurationList;
			buildConfigurations = (
				A3899FF71A3881930070FDE8 /* Debug */,
				A3899FF81A3881930070FDE8 /* Release */,
			);
			defaultConfigurationIsVisible = 0;
			defaultConfigurationName = Release;
		};
		A3899FF91A3881930070FDE8 /* Build configuration list for PBXNativeTarget "TiposDeDatos" */ = {
			isa = XCConfigurationList;
			buildConfigurations = (
				A3899FFA1A3881930070FDE8 /* Debug */,
				A3899FFB1A3881930070FDE8 /* Release */,
			);
			defaultConfigurationIsVisible = 0;
		};
		A3899FFC1A3881930070FDE8 /* Build configuration list for PBXNativeTarget "TiposDeDatosTests" */ = {
			isa = XCConfigurationList;
			buildConfigurations = (
				A3899FFD1A3881930070FDE8 /* Debug */,
				A3899FFE1A3881930070FDE8 /* Release */,
			);
			defaultConfigurationIsVisible = 0;
		};
/* End XCConfigurationList section */
	};
	rootObject = A3899FCE1A3881920070FDE8 /* Project object */;
}
