// !$*UTF8*$!
{
	archiveVersion = 1;
	classes = {
	};
	objectVersion = 46;
	objects = {

/* Begin PBXBuildFile section */
		A348EFCC1A30C4AA001EE5A6 /* main.m in Sources */ = {isa = PBXBuildFile; fileRef = A348EFCB1A30C4AA001EE5A6 /* main.m */; };
		A348EFCF1A30C4AA001EE5A6 /* AppDelegate.m in Sources */ = {isa = PBXBuildFile; fileRef = A348EFCE1A30C4AA001EE5A6 /* AppDelegate.m */; };
		A348EFD21A30C4AA001EE5A6 /* FirstViewController.m in Sources */ = {isa = PBXBuildFile; fileRef = A348EFD11A30C4AA001EE5A6 /* FirstViewController.m */; };
		A348EFD51A30C4AA001EE5A6 /* SecondViewController.m in Sources */ = {isa = PBXBuildFile; fileRef = A348EFD41A30C4AA001EE5A6 /* SecondViewController.m */; };
		A348EFD81A30C4AA001EE5A6 /* Main.storyboard in Resources */ = {isa = PBXBuildFile; fileRef = A348EFD61A30C4AA001EE5A6 /* Main.storyboard */; };
		A348EFDA1A30C4AB001EE5A6 /* Images.xcassets in Resources */ = {isa = PBXBuildFile; fileRef = A348EFD91A30C4AB001EE5A6 /* Images.xcassets */; };
		A348EFDD1A30C4AB001EE5A6 /* LaunchScreen.xib in Resources */ = {isa = PBXBuildFile; fileRef = A348EFDB1A30C4AB001EE5A6 /* LaunchScreen.xib */; };
		A348EFE91A30C4AB001EE5A6 /* TabAppTests.m in Sources */ = {isa = PBXBuildFile; fileRef = A348EFE81A30C4AB001EE5A6 /* TabAppTests.m */; };
/* End PBXBuildFile section */

/* Begin PBXContainerItemProxy section */
		A348EFE31A30C4AB001EE5A6 /* PBXContainerItemProxy */ = {
			isa = PBXContainerItemProxy;
			containerPortal = A348EFBE1A30C4AA001EE5A6 /* Project object */;
			proxyType = 1;
			remoteGlobalIDString = A348EFC51A30C4AA001EE5A6;
			remoteInfo = TabApp;
		};
/* End PBXContainerItemProxy section */

/* Begin PBXFileReference section */
		A348EFC61A30C4AA001EE5A6 /* TabApp.app */ = {isa = PBXFileReference; explicitFileType = wrapper.application; includeInIndex = 0; path = TabApp.app; sourceTree = BUILT_PRODUCTS_DIR; };
		A348EFCA1A30C4AA001EE5A6 /* Info.plist */ = {isa = PBXFileReference; lastKnownFileType = text.plist.xml; path = Info.plist; sourceTree = "<group>"; };
		A348EFCB1A30C4AA001EE5A6 /* main.m */ = {isa = PBXFileReference; lastKnownFileType = sourcecode.c.objc; path = main.m; sourceTree = "<group>"; };
		A348EFCD1A30C4AA001EE5A6 /* AppDelegate.h */ = {isa = PBXFileReference; lastKnownFileType = sourcecode.c.h; path = AppDelegate.h; sourceTree = "<group>"; };
		A348EFCE1A30C4AA001EE5A6 /* AppDelegate.m */ = {isa = PBXFileReference; lastKnownFileType = sourcecode.c.objc; path = AppDelegate.m; sourceTree = "<group>"; };
		A348EFD01A30C4AA001EE5A6 /* FirstViewController.h */ = {isa = PBXFileReference; lastKnownFileType = sourcecode.c.h; path = FirstViewController.h; sourceTree = "<group>"; };
		A348EFD11A30C4AA001EE5A6 /* FirstViewController.m */ = {isa = PBXFileReference; lastKnownFileType = sourcecode.c.objc; path = FirstViewController.m; sourceTree = "<group>"; };
		A348EFD31A30C4AA001EE5A6 /* SecondViewController.h */ = {isa = PBXFileReference; lastKnownFileType = sourcecode.c.h; path = SecondViewController.h; sourceTree = "<group>"; };
		A348EFD41A30C4AA001EE5A6 /* SecondViewController.m */ = {isa = PBXFileReference; lastKnownFileType = sourcecode.c.objc; path = SecondViewController.m; sourceTree = "<group>"; };
		A348EFD71A30C4AA001EE5A6 /* Base */ = {isa = PBXFileReference; lastKnownFileType = file.storyboard; name = Base; path = Base.lproj/Main.storyboard; sourceTree = "<group>"; };
		A348EFD91A30C4AB001EE5A6 /* Images.xcassets */ = {isa = PBXFileReference; lastKnownFileType = folder.assetcatalog; path = Images.xcassets; sourceTree = "<group>"; };
		A348EFDC1A30C4AB001EE5A6 /* Base */ = {isa = PBXFileReference; lastKnownFileType = file.xib; name = Base; path = Base.lproj/LaunchScreen.xib; sourceTree = "<group>"; };
		A348EFE21A30C4AB001EE5A6 /* TabAppTests.xctest */ = {isa = PBXFileReference; explicitFileType = wrapper.cfbundle; includeInIndex = 0; path = TabAppTests.xctest; sourceTree = BUILT_PRODUCTS_DIR; };
		A348EFE71A30C4AB001EE5A6 /* Info.plist */ = {isa = PBXFileReference; lastKnownFileType = text.plist.xml; path = Info.plist; sourceTree = "<group>"; };
		A348EFE81A30C4AB001EE5A6 /* TabAppTests.m */ = {isa = PBXFileReference; lastKnownFileType = sourcecode.c.objc; path = TabAppTests.m; sourceTree = "<group>"; };
/* End PBXFileReference section */

/* Begin PBXFrameworksBuildPhase section */
		A348EFC31A30C4AA001EE5A6 /* Frameworks */ = {
			isa = PBXFrameworksBuildPhase;
			buildActionMask = 2147483647;
			files = (
			);
			runOnlyForDeploymentPostprocessing = 0;
		};
		A348EFDF1A30C4AB001EE5A6 /* Frameworks */ = {
			isa = PBXFrameworksBuildPhase;
			buildActionMask = 2147483647;
			files = (
			);
			runOnlyForDeploymentPostprocessing = 0;
		};
/* End PBXFrameworksBuildPhase section */

/* Begin PBXGroup section */
		A348EFBD1A30C4AA001EE5A6 = {
			isa = PBXGroup;
			children = (
				A348EFC81A30C4AA001EE5A6 /* TabApp */,
				A348EFE51A30C4AB001EE5A6 /* TabAppTests */,
				A348EFC71A30C4AA001EE5A6 /* Products */,
			);
			sourceTree = "<group>";
		};
		A348EFC71A30C4AA001EE5A6 /* Products */ = {
			isa = PBXGroup;
			children = (
				A348EFC61A30C4AA001EE5A6 /* TabApp.app */,
				A348EFE21A30C4AB001EE5A6 /* TabAppTests.xctest */,
			);
			name = Products;
			sourceTree = "<group>";
		};
		A348EFC81A30C4AA001EE5A6 /* TabApp */ = {
			isa = PBXGroup;
			children = (
				A348EFCD1A30C4AA001EE5A6 /* AppDelegate.h */,
				A348EFCE1A30C4AA001EE5A6 /* AppDelegate.m */,
				A348EFD01A30C4AA001EE5A6 /* FirstViewController.h */,
				A348EFD11A30C4AA001EE5A6 /* FirstViewController.m */,
				A348EFD31A30C4AA001EE5A6 /* SecondViewController.h */,
				A348EFD41A30C4AA001EE5A6 /* SecondViewController.m */,
				A348EFD61A30C4AA001EE5A6 /* Main.storyboard */,
				A348EFD91A30C4AB001EE5A6 /* Images.xcassets */,
				A348EFDB1A30C4AB001EE5A6 /* LaunchScreen.xib */,
				A348EFC91A30C4AA001EE5A6 /* Supporting Files */,
			);
			path = TabApp;
			sourceTree = "<group>";
		};
		A348EFC91A30C4AA001EE5A6 /* Supporting Files */ = {
			isa = PBXGroup;
			children = (
				A348EFCA1A30C4AA001EE5A6 /* Info.plist */,
				A348EFCB1A30C4AA001EE5A6 /* main.m */,
			);
			name = "Supporting Files";
			sourceTree = "<group>";
		};
		A348EFE51A30C4AB001EE5A6 /* TabAppTests */ = {
			isa = PBXGroup;
			children = (
				A348EFE81A30C4AB001EE5A6 /* TabAppTests.m */,
				A348EFE61A30C4AB001EE5A6 /* Supporting Files */,
			);
			path = TabAppTests;
			sourceTree = "<group>";
		};
		A348EFE61A30C4AB001EE5A6 /* Supporting Files */ = {
			isa = PBXGroup;
			children = (
				A348EFE71A30C4AB001EE5A6 /* Info.plist */,
			);
			name = "Supporting Files";
			sourceTree = "<group>";
		};
/* End PBXGroup section */

/* Begin PBXNativeTarget section */
		A348EFC51A30C4AA001EE5A6 /* TabApp */ = {
			isa = PBXNativeTarget;
			buildConfigurationList = A348EFEC1A30C4AB001EE5A6 /* Build configuration list for PBXNativeTarget "TabApp" */;
			buildPhases = (
				A348EFC21A30C4AA001EE5A6 /* Sources */,
				A348EFC31A30C4AA001EE5A6 /* Frameworks */,
				A348EFC41A30C4AA001EE5A6 /* Resources */,
			);
			buildRules = (
			);
			dependencies = (
			);
			name = TabApp;
			productName = TabApp;
			productReference = A348EFC61A30C4AA001EE5A6 /* TabApp.app */;
			productType = "com.apple.product-type.application";
		};
		A348EFE11A30C4AB001EE5A6 /* TabAppTests */ = {
			isa = PBXNativeTarget;
			buildConfigurationList = A348EFEF1A30C4AB001EE5A6 /* Build configuration list for PBXNativeTarget "TabAppTests" */;
			buildPhases = (
				A348EFDE1A30C4AB001EE5A6 /* Sources */,
				A348EFDF1A30C4AB001EE5A6 /* Frameworks */,
				A348EFE01A30C4AB001EE5A6 /* Resources */,
			);
			buildRules = (
			);
			dependencies = (
				A348EFE41A30C4AB001EE5A6 /* PBXTargetDependency */,
			);
			name = TabAppTests;
			productName = TabAppTests;
			productReference = A348EFE21A30C4AB001EE5A6 /* TabAppTests.xctest */;
			productType = "com.apple.product-type.bundle.unit-test";
		};
/* End PBXNativeTarget section */

/* Begin PBXProject section */
		A348EFBE1A30C4AA001EE5A6 /* Project object */ = {
			isa = PBXProject;
			attributes = {
				LastUpgradeCheck = 0610;
				ORGANIZATIONNAME = jhonatan;
				TargetAttributes = {
					A348EFC51A30C4AA001EE5A6 = {
						CreatedOnToolsVersion = 6.1;
					};
					A348EFE11A30C4AB001EE5A6 = {
						CreatedOnToolsVersion = 6.1;
						TestTargetID = A348EFC51A30C4AA001EE5A6;
					};
				};
			};
			buildConfigurationList = A348EFC11A30C4AA001EE5A6 /* Build configuration list for PBXProject "TabApp" */;
			compatibilityVersion = "Xcode 3.2";
			developmentRegion = English;
			hasScannedForEncodings = 0;
			knownRegions = (
				en,
				Base,
			);
			mainGroup = A348EFBD1A30C4AA001EE5A6;
			productRefGroup = A348EFC71A30C4AA001EE5A6 /* Products */;
			projectDirPath = "";
			projectRoot = "";
			targets = (
				A348EFC51A30C4AA001EE5A6 /* TabApp */,
				A348EFE11A30C4AB001EE5A6 /* TabAppTests */,
			);
		};
/* End PBXProject section */

/* Begin PBXResourcesBuildPhase section */
		A348EFC41A30C4AA001EE5A6 /* Resources */ = {
			isa = PBXResourcesBuildPhase;
			buildActionMask = 2147483647;
			files = (
				A348EFD81A30C4AA001EE5A6 /* Main.storyboard in Resources */,
				A348EFDD1A30C4AB001EE5A6 /* LaunchScreen.xib in Resources */,
				A348EFDA1A30C4AB001EE5A6 /* Images.xcassets in Resources */,
			);
			runOnlyForDeploymentPostprocessing = 0;
		};
		A348EFE01A30C4AB001EE5A6 /* Resources */ = {
			isa = PBXResourcesBuildPhase;
			buildActionMask = 2147483647;
			files = (
			);
			runOnlyForDeploymentPostprocessing = 0;
		};
/* End PBXResourcesBuildPhase section */

/* Begin PBXSourcesBuildPhase section */
		A348EFC21A30C4AA001EE5A6 /* Sources */ = {
			isa = PBXSourcesBuildPhase;
			buildActionMask = 2147483647;
			files = (
				A348EFD51A30C4AA001EE5A6 /* SecondViewController.m in Sources */,
				A348EFCF1A30C4AA001EE5A6 /* AppDelegate.m in Sources */,
				A348EFD21A30C4AA001EE5A6 /* FirstViewController.m in Sources */,
				A348EFCC1A30C4AA001EE5A6 /* main.m in Sources */,
			);
			runOnlyForDeploymentPostprocessing = 0;
		};
		A348EFDE1A30C4AB001EE5A6 /* Sources */ = {
			isa = PBXSourcesBuildPhase;
			buildActionMask = 2147483647;
			files = (
				A348EFE91A30C4AB001EE5A6 /* TabAppTests.m in Sources */,
			);
			runOnlyForDeploymentPostprocessing = 0;
		};
/* End PBXSourcesBuildPhase section */

/* Begin PBXTargetDependency section */
		A348EFE41A30C4AB001EE5A6 /* PBXTargetDependency */ = {
			isa = PBXTargetDependency;
			target = A348EFC51A30C4AA001EE5A6 /* TabApp */;
			targetProxy = A348EFE31A30C4AB001EE5A6 /* PBXContainerItemProxy */;
		};
/* End PBXTargetDependency section */

/* Begin PBXVariantGroup section */
		A348EFD61A30C4AA001EE5A6 /* Main.storyboard */ = {
			isa = PBXVariantGroup;
			children = (
				A348EFD71A30C4AA001EE5A6 /* Base */,
			);
			name = Main.storyboard;
			sourceTree = "<group>";
		};
		A348EFDB1A30C4AB001EE5A6 /* LaunchScreen.xib */ = {
			isa = PBXVariantGroup;
			children = (
				A348EFDC1A30C4AB001EE5A6 /* Base */,
			);
			name = LaunchScreen.xib;
			sourceTree = "<group>";
		};
/* End PBXVariantGroup section */

/* Begin XCBuildConfiguration section */
		A348EFEA1A30C4AB001EE5A6 /* Debug */ = {
			isa = XCBuildConfiguration;
			buildSettings = {
				ALWAYS_SEARCH_USER_PATHS = NO;
				CLANG_CXX_LANGUAGE_STANDARD = "gnu++0x";
				CLANG_CXX_LIBRARY = "libc++";
				CLANG_ENABLE_MODULES = YES;
				CLANG_ENABLE_OBJC_ARC = YES;
				CLANG_WARN_BOOL_CONVERSION = YES;
				CLANG_WARN_CONSTANT_CONVERSION = YES;
				CLANG_WARN_DIRECT_OBJC_ISA_USAGE = YES_ERROR;
				CLANG_WARN_EMPTY_BODY = YES;
				CLANG_WARN_ENUM_CONVERSION = YES;
				CLANG_WARN_INT_CONVERSION = YES;
				CLANG_WARN_OBJC_ROOT_CLASS = YES_ERROR;
				CLANG_WARN_UNREACHABLE_CODE = YES;
				CLANG_WARN__DUPLICATE_METHOD_MATCH = YES;
				"CODE_SIGN_IDENTITY[sdk=iphoneos*]" = "iPhone Developer";
				COPY_PHASE_STRIP = NO;
				ENABLE_STRICT_OBJC_MSGSEND = YES;
				GCC_C_LANGUAGE_STANDARD = gnu99;
				GCC_DYNAMIC_NO_PIC = NO;
				GCC_OPTIMIZATION_LEVEL = 0;
				GCC_PREPROCESSOR_DEFINITIONS = (
					"DEBUG=1",
					"$(inherited)",
				);
				GCC_SYMBOLS_PRIVATE_EXTERN = NO;
				GCC_WARN_64_TO_32_BIT_CONVERSION = YES;
				GCC_WARN_ABOUT_RETURN_TYPE = YES_ERROR;
				GCC_WARN_UNDECLARED_SELECTOR = YES;
				GCC_WARN_UNINITIALIZED_AUTOS = YES_AGGRESSIVE;
				GCC_WARN_UNUSED_FUNCTION = YES;
				GCC_WARN_UNUSED_VARIABLE = YES;
				IPHONEOS_DEPLOYMENT_TARGET = 8.1;
				MTL_ENABLE_DEBUG_INFO = YES;
				ONLY_ACTIVE_ARCH = YES;
				SDKROOT = iphoneos;
				TARGETED_DEVICE_FAMILY = "1,2";
			};
			name = Debug;
		};
		A348EFEB1A30C4AB001EE5A6 /* Release */ = {
			isa = XCBuildConfiguration;
			buildSettings = {
				ALWAYS_SEARCH_USER_PATHS = NO;
				CLANG_CXX_LANGUAGE_STANDARD = "gnu++0x";
				CLANG_CXX_LIBRARY = "libc++";
				CLANG_ENABLE_MODULES = YES;
				CLANG_ENABLE_OBJC_ARC = YES;
				CLANG_WARN_BOOL_CONVERSION = YES;
				CLANG_WARN_CONSTANT_CONVERSION = YES;
				CLANG_WARN_DIRECT_OBJC_ISA_USAGE = YES_ERROR;
				CLANG_WARN_EMPTY_BODY = YES;
				CLANG_WARN_ENUM_CONVERSION = YES;
				CLANG_WARN_INT_CONVERSION = YES;
				CLANG_WARN_OBJC_ROOT_CLASS = YES_ERROR;
				CLANG_WARN_UNREACHABLE_CODE = YES;
				CLANG_WARN__DUPLICATE_METHOD_MATCH = YES;
				"CODE_SIGN_IDENTITY[sdk=iphoneos*]" = "iPhone Developer";
				COPY_PHASE_STRIP = YES;
				ENABLE_NS_ASSERTIONS = NO;
				ENABLE_STRICT_OBJC_MSGSEND = YES;
				GCC_C_LANGUAGE_STANDARD = gnu99;
				GCC_WARN_64_TO_32_BIT_CONVERSION = YES;
				GCC_WARN_ABOUT_RETURN_TYPE = YES_ERROR;
				GCC_WARN_UNDECLARED_SELECTOR = YES;
				GCC_WARN_UNINITIALIZED_AUTOS = YES_AGGRESSIVE;
				GCC_WARN_UNUSED_FUNCTION = YES;
				GCC_WARN_UNUSED_VARIABLE = YES;
				IPHONEOS_DEPLOYMENT_TARGET = 8.1;
				MTL_ENABLE_DEBUG_INFO = NO;
				SDKROOT = iphoneos;
				TARGETED_DEVICE_FAMILY = "1,2";
				VALIDATE_PRODUCT = YES;
			};
			name = Release;
		};
		A348EFED1A30C4AB001EE5A6 /* Debug */ = {
			isa = XCBuildConfiguration;
			buildSettings = {
				ASSETCATALOG_COMPILER_APPICON_NAME = AppIcon;
				INFOPLIST_FILE = TabApp/Info.plist;
				LD_RUNPATH_SEARCH_PATHS = "$(inherited) @executable_path/Frameworks";
				PRODUCT_NAME = "$(TARGET_NAME)";
			};
			name = Debug;
		};
		A348EFEE1A30C4AB001EE5A6 /* Release */ = {
			isa = XCBuildConfiguration;
			buildSettings = {
				ASSETCATALOG_COMPILER_APPICON_NAME = AppIcon;
				INFOPLIST_FILE = TabApp/Info.plist;
				LD_RUNPATH_SEARCH_PATHS = "$(inherited) @executable_path/Frameworks";
				PRODUCT_NAME = "$(TARGET_NAME)";
			};
			name = Release;
		};
		A348EFF01A30C4AB001EE5A6 /* Debug */ = {
			isa = XCBuildConfiguration;
			buildSettings = {
				BUNDLE_LOADER = "$(TEST_HOST)";
				FRAMEWORK_SEARCH_PATHS = (
					"$(SDKROOT)/Developer/Library/Frameworks",
					"$(inherited)",
				);
				GCC_PREPROCESSOR_DEFINITIONS = (
					"DEBUG=1",
					"$(inherited)",
				);
				INFOPLIST_FILE = TabAppTests/Info.plist;
				LD_RUNPATH_SEARCH_PATHS = "$(inherited) @executable_path/Frameworks @loader_path/Frameworks";
				PRODUCT_NAME = "$(TARGET_NAME)";
				TEST_HOST = "$(BUILT_PRODUCTS_DIR)/TabApp.app/TabApp";
			};
			name = Debug;
		};
		A348EFF11A30C4AB001EE5A6 /* Release */ = {
			isa = XCBuildConfiguration;
			buildSettings = {
				BUNDLE_LOADER = "$(TEST_HOST)";
				FRAMEWORK_SEARCH_PATHS = (
					"$(SDKROOT)/Developer/Library/Frameworks",
					"$(inherited)",
				);
				INFOPLIST_FILE = TabAppTests/Info.plist;
				LD_RUNPATH_SEARCH_PATHS = "$(inherited) @executable_path/Frameworks @loader_path/Frameworks";
				PRODUCT_NAME = "$(TARGET_NAME)";
				TEST_HOST = "$(BUILT_PRODUCTS_DIR)/TabApp.app/TabApp";
			};
			name = Release;
		};
/* End XCBuildConfiguration section */

/* Begin XCConfigurationList section */
		A348EFC11A30C4AA001EE5A6 /* Build configuration list for PBXProject "TabApp" */ = {
			isa = XCConfigurationList;
			buildConfigurations = (
				A348EFEA1A30C4AB001EE5A6 /* Debug */,
				A348EFEB1A30C4AB001EE5A6 /* Release */,
			);
			defaultConfigurationIsVisible = 0;
			defaultConfigurationName = Release;
		};
		A348EFEC1A30C4AB001EE5A6 /* Build configuration list for PBXNativeTarget "TabApp" */ = {
			isa = XCConfigurationList;
			buildConfigurations = (
				A348EFED1A30C4AB001EE5A6 /* Debug */,
				A348EFEE1A30C4AB001EE5A6 /* Release */,
			);
			defaultConfigurationIsVisible = 0;
		};
		A348EFEF1A30C4AB001EE5A6 /* Build configuration list for PBXNativeTarget "TabAppTests" */ = {
			isa = XCConfigurationList;
			buildConfigurations = (
				A348EFF01A30C4AB001EE5A6 /* Debug */,
				A348EFF11A30C4AB001EE5A6 /* Release */,
			);
			defaultConfigurationIsVisible = 0;
		};
/* End XCConfigurationList section */
	};
	rootObject = A348EFBE1A30C4AA001EE5A6 /* Project object */;
}
