// !$*UTF8*$!
{
	archiveVersion = 1;
	classes = {
	};
	objectVersion = 46;
	objects = {

/* Begin PBXBuildFile section */
		A39548351A39F79E00A6797F /* main.m in Sources */ = {isa = PBXBuildFile; fileRef = A39548341A39F79E00A6797F /* main.m */; };
		A39548381A39F79E00A6797F /* AppDelegate.m in Sources */ = {isa = PBXBuildFile; fileRef = A39548371A39F79E00A6797F /* AppDelegate.m */; };
		A395483B1A39F79E00A6797F /* ViewController.m in Sources */ = {isa = PBXBuildFile; fileRef = A395483A1A39F79E00A6797F /* ViewController.m */; };
		A395483E1A39F79E00A6797F /* Main.storyboard in Resources */ = {isa = PBXBuildFile; fileRef = A395483C1A39F79E00A6797F /* Main.storyboard */; };
		A39548401A39F79E00A6797F /* Images.xcassets in Resources */ = {isa = PBXBuildFile; fileRef = A395483F1A39F79E00A6797F /* Images.xcassets */; };
		A39548431A39F79E00A6797F /* LaunchScreen.xib in Resources */ = {isa = PBXBuildFile; fileRef = A39548411A39F79E00A6797F /* LaunchScreen.xib */; };
		A395484F1A39F79E00A6797F /* tableviewClaseTests.m in Sources */ = {isa = PBXBuildFile; fileRef = A395484E1A39F79E00A6797F /* tableviewClaseTests.m */; };
		A39548591A3A02C500A6797F /* icn.png in Resources */ = {isa = PBXBuildFile; fileRef = A39548581A3A02C500A6797F /* icn.png */; };
/* End PBXBuildFile section */

/* Begin PBXContainerItemProxy section */
		A39548491A39F79E00A6797F /* PBXContainerItemProxy */ = {
			isa = PBXContainerItemProxy;
			containerPortal = A39548271A39F79E00A6797F /* Project object */;
			proxyType = 1;
			remoteGlobalIDString = A395482E1A39F79E00A6797F;
			remoteInfo = tableviewClase;
		};
/* End PBXContainerItemProxy section */

/* Begin PBXFileReference section */
		A395482F1A39F79E00A6797F /* tableviewClase.app */ = {isa = PBXFileReference; explicitFileType = wrapper.application; includeInIndex = 0; path = tableviewClase.app; sourceTree = BUILT_PRODUCTS_DIR; };
		A39548331A39F79E00A6797F /* Info.plist */ = {isa = PBXFileReference; lastKnownFileType = text.plist.xml; path = Info.plist; sourceTree = "<group>"; };
		A39548341A39F79E00A6797F /* main.m */ = {isa = PBXFileReference; lastKnownFileType = sourcecode.c.objc; path = main.m; sourceTree = "<group>"; };
		A39548361A39F79E00A6797F /* AppDelegate.h */ = {isa = PBXFileReference; lastKnownFileType = sourcecode.c.h; path = AppDelegate.h; sourceTree = "<group>"; };
		A39548371A39F79E00A6797F /* AppDelegate.m */ = {isa = PBXFileReference; lastKnownFileType = sourcecode.c.objc; path = AppDelegate.m; sourceTree = "<group>"; };
		A39548391A39F79E00A6797F /* ViewController.h */ = {isa = PBXFileReference; lastKnownFileType = sourcecode.c.h; path = ViewController.h; sourceTree = "<group>"; };
		A395483A1A39F79E00A6797F /* ViewController.m */ = {isa = PBXFileReference; lastKnownFileType = sourcecode.c.objc; path = ViewController.m; sourceTree = "<group>"; };
		A395483D1A39F79E00A6797F /* Base */ = {isa = PBXFileReference; lastKnownFileType = file.storyboard; name = Base; path = Base.lproj/Main.storyboard; sourceTree = "<group>"; };
		A395483F1A39F79E00A6797F /* Images.xcassets */ = {isa = PBXFileReference; lastKnownFileType = folder.assetcatalog; path = Images.xcassets; sourceTree = "<group>"; };
		A39548421A39F79E00A6797F /* Base */ = {isa = PBXFileReference; lastKnownFileType = file.xib; name = Base; path = Base.lproj/LaunchScreen.xib; sourceTree = "<group>"; };
		A39548481A39F79E00A6797F /* tableviewClaseTests.xctest */ = {isa = PBXFileReference; explicitFileType = wrapper.cfbundle; includeInIndex = 0; path = tableviewClaseTests.xctest; sourceTree = BUILT_PRODUCTS_DIR; };
		A395484D1A39F79E00A6797F /* Info.plist */ = {isa = PBXFileReference; lastKnownFileType = text.plist.xml; path = Info.plist; sourceTree = "<group>"; };
		A395484E1A39F79E00A6797F /* tableviewClaseTests.m */ = {isa = PBXFileReference; lastKnownFileType = sourcecode.c.objc; path = tableviewClaseTests.m; sourceTree = "<group>"; };
		A39548581A3A02C500A6797F /* icn.png */ = {isa = PBXFileReference; lastKnownFileType = image.png; name = icn.png; path = ../../../../../../Desktop/icn.png; sourceTree = "<group>"; };
/* End PBXFileReference section */

/* Begin PBXFrameworksBuildPhase section */
		A395482C1A39F79E00A6797F /* Frameworks */ = {
			isa = PBXFrameworksBuildPhase;
			buildActionMask = 2147483647;
			files = (
			);
			runOnlyForDeploymentPostprocessing = 0;
		};
		A39548451A39F79E00A6797F /* Frameworks */ = {
			isa = PBXFrameworksBuildPhase;
			buildActionMask = 2147483647;
			files = (
			);
			runOnlyForDeploymentPostprocessing = 0;
		};
/* End PBXFrameworksBuildPhase section */

/* Begin PBXGroup section */
		A39548261A39F79E00A6797F = {
			isa = PBXGroup;
			children = (
				A39548311A39F79E00A6797F /* tableviewClase */,
				A395484B1A39F79E00A6797F /* tableviewClaseTests */,
				A39548301A39F79E00A6797F /* Products */,
			);
			sourceTree = "<group>";
		};
		A39548301A39F79E00A6797F /* Products */ = {
			isa = PBXGroup;
			children = (
				A395482F1A39F79E00A6797F /* tableviewClase.app */,
				A39548481A39F79E00A6797F /* tableviewClaseTests.xctest */,
			);
			name = Products;
			sourceTree = "<group>";
		};
		A39548311A39F79E00A6797F /* tableviewClase */ = {
			isa = PBXGroup;
			children = (
				A39548361A39F79E00A6797F /* AppDelegate.h */,
				A39548371A39F79E00A6797F /* AppDelegate.m */,
				A39548391A39F79E00A6797F /* ViewController.h */,
				A395483A1A39F79E00A6797F /* ViewController.m */,
				A395483C1A39F79E00A6797F /* Main.storyboard */,
				A395483F1A39F79E00A6797F /* Images.xcassets */,
				A39548411A39F79E00A6797F /* LaunchScreen.xib */,
				A39548321A39F79E00A6797F /* Supporting Files */,
			);
			path = tableviewClase;
			sourceTree = "<group>";
		};
		A39548321A39F79E00A6797F /* Supporting Files */ = {
			isa = PBXGroup;
			children = (
				A39548581A3A02C500A6797F /* icn.png */,
				A39548331A39F79E00A6797F /* Info.plist */,
				A39548341A39F79E00A6797F /* main.m */,
			);
			name = "Supporting Files";
			sourceTree = "<group>";
		};
		A395484B1A39F79E00A6797F /* tableviewClaseTests */ = {
			isa = PBXGroup;
			children = (
				A395484E1A39F79E00A6797F /* tableviewClaseTests.m */,
				A395484C1A39F79E00A6797F /* Supporting Files */,
			);
			path = tableviewClaseTests;
			sourceTree = "<group>";
		};
		A395484C1A39F79E00A6797F /* Supporting Files */ = {
			isa = PBXGroup;
			children = (
				A395484D1A39F79E00A6797F /* Info.plist */,
			);
			name = "Supporting Files";
			sourceTree = "<group>";
		};
/* End PBXGroup section */

/* Begin PBXNativeTarget section */
		A395482E1A39F79E00A6797F /* tableviewClase */ = {
			isa = PBXNativeTarget;
			buildConfigurationList = A39548521A39F79E00A6797F /* Build configuration list for PBXNativeTarget "tableviewClase" */;
			buildPhases = (
				A395482B1A39F79E00A6797F /* Sources */,
				A395482C1A39F79E00A6797F /* Frameworks */,
				A395482D1A39F79E00A6797F /* Resources */,
			);
			buildRules = (
			);
			dependencies = (
			);
			name = tableviewClase;
			productName = tableviewClase;
			productReference = A395482F1A39F79E00A6797F /* tableviewClase.app */;
			productType = "com.apple.product-type.application";
		};
		A39548471A39F79E00A6797F /* tableviewClaseTests */ = {
			isa = PBXNativeTarget;
			buildConfigurationList = A39548551A39F79E00A6797F /* Build configuration list for PBXNativeTarget "tableviewClaseTests" */;
			buildPhases = (
				A39548441A39F79E00A6797F /* Sources */,
				A39548451A39F79E00A6797F /* Frameworks */,
				A39548461A39F79E00A6797F /* Resources */,
			);
			buildRules = (
			);
			dependencies = (
				A395484A1A39F79E00A6797F /* PBXTargetDependency */,
			);
			name = tableviewClaseTests;
			productName = tableviewClaseTests;
			productReference = A39548481A39F79E00A6797F /* tableviewClaseTests.xctest */;
			productType = "com.apple.product-type.bundle.unit-test";
		};
/* End PBXNativeTarget section */

/* Begin PBXProject section */
		A39548271A39F79E00A6797F /* Project object */ = {
			isa = PBXProject;
			attributes = {
				LastUpgradeCheck = 0610;
				ORGANIZATIONNAME = jhonatan;
				TargetAttributes = {
					A395482E1A39F79E00A6797F = {
						CreatedOnToolsVersion = 6.1.1;
					};
					A39548471A39F79E00A6797F = {
						CreatedOnToolsVersion = 6.1.1;
						TestTargetID = A395482E1A39F79E00A6797F;
					};
				};
			};
			buildConfigurationList = A395482A1A39F79E00A6797F /* Build configuration list for PBXProject "tableviewClase" */;
			compatibilityVersion = "Xcode 3.2";
			developmentRegion = English;
			hasScannedForEncodings = 0;
			knownRegions = (
				en,
				Base,
			);
			mainGroup = A39548261A39F79E00A6797F;
			productRefGroup = A39548301A39F79E00A6797F /* Products */;
			projectDirPath = "";
			projectRoot = "";
			targets = (
				A395482E1A39F79E00A6797F /* tableviewClase */,
				A39548471A39F79E00A6797F /* tableviewClaseTests */,
			);
		};
/* End PBXProject section */

/* Begin PBXResourcesBuildPhase section */
		A395482D1A39F79E00A6797F /* Resources */ = {
			isa = PBXResourcesBuildPhase;
			buildActionMask = 2147483647;
			files = (
				A39548591A3A02C500A6797F /* icn.png in Resources */,
				A395483E1A39F79E00A6797F /* Main.storyboard in Resources */,
				A39548431A39F79E00A6797F /* LaunchScreen.xib in Resources */,
				A39548401A39F79E00A6797F /* Images.xcassets in Resources */,
			);
			runOnlyForDeploymentPostprocessing = 0;
		};
		A39548461A39F79E00A6797F /* Resources */ = {
			isa = PBXResourcesBuildPhase;
			buildActionMask = 2147483647;
			files = (
			);
			runOnlyForDeploymentPostprocessing = 0;
		};
/* End PBXResourcesBuildPhase section */

/* Begin PBXSourcesBuildPhase section */
		A395482B1A39F79E00A6797F /* Sources */ = {
			isa = PBXSourcesBuildPhase;
			buildActionMask = 2147483647;
			files = (
				A395483B1A39F79E00A6797F /* ViewController.m in Sources */,
				A39548381A39F79E00A6797F /* AppDelegate.m in Sources */,
				A39548351A39F79E00A6797F /* main.m in Sources */,
			);
			runOnlyForDeploymentPostprocessing = 0;
		};
		A39548441A39F79E00A6797F /* Sources */ = {
			isa = PBXSourcesBuildPhase;
			buildActionMask = 2147483647;
			files = (
				A395484F1A39F79E00A6797F /* tableviewClaseTests.m in Sources */,
			);
			runOnlyForDeploymentPostprocessing = 0;
		};
/* End PBXSourcesBuildPhase section */

/* Begin PBXTargetDependency section */
		A395484A1A39F79E00A6797F /* PBXTargetDependency */ = {
			isa = PBXTargetDependency;
			target = A395482E1A39F79E00A6797F /* tableviewClase */;
			targetProxy = A39548491A39F79E00A6797F /* PBXContainerItemProxy */;
		};
/* End PBXTargetDependency section */

/* Begin PBXVariantGroup section */
		A395483C1A39F79E00A6797F /* Main.storyboard */ = {
			isa = PBXVariantGroup;
			children = (
				A395483D1A39F79E00A6797F /* Base */,
			);
			name = Main.storyboard;
			sourceTree = "<group>";
		};
		A39548411A39F79E00A6797F /* LaunchScreen.xib */ = {
			isa = PBXVariantGroup;
			children = (
				A39548421A39F79E00A6797F /* Base */,
			);
			name = LaunchScreen.xib;
			sourceTree = "<group>";
		};
/* End PBXVariantGroup section */

/* Begin XCBuildConfiguration section */
		A39548501A39F79E00A6797F /* Debug */ = {
			isa = XCBuildConfiguration;
			buildSettings = {
				ALWAYS_SEARCH_USER_PATHS = NO;
				CLANG_CXX_LANGUAGE_STANDARD = "gnu++0x";
				CLANG_CXX_LIBRARY = "libc++";
				CLANG_ENABLE_MODULES = YES;
				CLANG_ENABLE_OBJC_ARC = YES;
				CLANG_WARN_BOOL_CONVERSION = YES;
				CLANG_WARN_CONSTANT_CONVERSION = YES;
				CLANG_WARN_DIRECT_OBJC_ISA_USAGE = YES_ERROR;
				CLANG_WARN_EMPTY_BODY = YES;
				CLANG_WARN_ENUM_CONVERSION = YES;
				CLANG_WARN_INT_CONVERSION = YES;
				CLANG_WARN_OBJC_ROOT_CLASS = YES_ERROR;
				CLANG_WARN_UNREACHABLE_CODE = YES;
				CLANG_WARN__DUPLICATE_METHOD_MATCH = YES;
				"CODE_SIGN_IDENTITY[sdk=iphoneos*]" = "iPhone Developer";
				COPY_PHASE_STRIP = NO;
				ENABLE_STRICT_OBJC_MSGSEND = YES;
				GCC_C_LANGUAGE_STANDARD = gnu99;
				GCC_DYNAMIC_NO_PIC = NO;
				GCC_OPTIMIZATION_LEVEL = 0;
				GCC_PREPROCESSOR_DEFINITIONS = (
					"DEBUG=1",
					"$(inherited)",
				);
				GCC_SYMBOLS_PRIVATE_EXTERN = NO;
				GCC_WARN_64_TO_32_BIT_CONVERSION = YES;
				GCC_WARN_ABOUT_RETURN_TYPE = YES_ERROR;
				GCC_WARN_UNDECLARED_SELECTOR = YES;
				GCC_WARN_UNINITIALIZED_AUTOS = YES_AGGRESSIVE;
				GCC_WARN_UNUSED_FUNCTION = YES;
				GCC_WARN_UNUSED_VARIABLE = YES;
				IPHONEOS_DEPLOYMENT_TARGET = 8.1;
				MTL_ENABLE_DEBUG_INFO = YES;
				ONLY_ACTIVE_ARCH = YES;
				SDKROOT = iphoneos;
				TARGETED_DEVICE_FAMILY = "1,2";
			};
			name = Debug;
		};
		A39548511A39F79E00A6797F /* Release */ = {
			isa = XCBuildConfiguration;
			buildSettings = {
				ALWAYS_SEARCH_USER_PATHS = NO;
				CLANG_CXX_LANGUAGE_STANDARD = "gnu++0x";
				CLANG_CXX_LIBRARY = "libc++";
				CLANG_ENABLE_MODULES = YES;
				CLANG_ENABLE_OBJC_ARC = YES;
				CLANG_WARN_BOOL_CONVERSION = YES;
				CLANG_WARN_CONSTANT_CONVERSION = YES;
				CLANG_WARN_DIRECT_OBJC_ISA_USAGE = YES_ERROR;
				CLANG_WARN_EMPTY_BODY = YES;
				CLANG_WARN_ENUM_CONVERSION = YES;
				CLANG_WARN_INT_CONVERSION = YES;
				CLANG_WARN_OBJC_ROOT_CLASS = YES_ERROR;
				CLANG_WARN_UNREACHABLE_CODE = YES;
				CLANG_WARN__DUPLICATE_METHOD_MATCH = YES;
				"CODE_SIGN_IDENTITY[sdk=iphoneos*]" = "iPhone Developer";
				COPY_PHASE_STRIP = YES;
				ENABLE_NS_ASSERTIONS = NO;
				ENABLE_STRICT_OBJC_MSGSEND = YES;
				GCC_C_LANGUAGE_STANDARD = gnu99;
				GCC_WARN_64_TO_32_BIT_CONVERSION = YES;
				GCC_WARN_ABOUT_RETURN_TYPE = YES_ERROR;
				GCC_WARN_UNDECLARED_SELECTOR = YES;
				GCC_WARN_UNINITIALIZED_AUTOS = YES_AGGRESSIVE;
				GCC_WARN_UNUSED_FUNCTION = YES;
				GCC_WARN_UNUSED_VARIABLE = YES;
				IPHONEOS_DEPLOYMENT_TARGET = 8.1;
				MTL_ENABLE_DEBUG_INFO = NO;
				SDKROOT = iphoneos;
				TARGETED_DEVICE_FAMILY = "1,2";
				VALIDATE_PRODUCT = YES;
			};
			name = Release;
		};
		A39548531A39F79E00A6797F /* Debug */ = {
			isa = XCBuildConfiguration;
			buildSettings = {
				ASSETCATALOG_COMPILER_APPICON_NAME = AppIcon;
				INFOPLIST_FILE = tableviewClase/Info.plist;
				LD_RUNPATH_SEARCH_PATHS = "$(inherited) @executable_path/Frameworks";
				PRODUCT_NAME = "$(TARGET_NAME)";
			};
			name = Debug;
		};
		A39548541A39F79E00A6797F /* Release */ = {
			isa = XCBuildConfiguration;
			buildSettings = {
				ASSETCATALOG_COMPILER_APPICON_NAME = AppIcon;
				INFOPLIST_FILE = tableviewClase/Info.plist;
				LD_RUNPATH_SEARCH_PATHS = "$(inherited) @executable_path/Frameworks";
				PRODUCT_NAME = "$(TARGET_NAME)";
			};
			name = Release;
		};
		A39548561A39F79E00A6797F /* Debug */ = {
			isa = XCBuildConfiguration;
			buildSettings = {
				BUNDLE_LOADER = "$(TEST_HOST)";
				FRAMEWORK_SEARCH_PATHS = (
					"$(SDKROOT)/Developer/Library/Frameworks",
					"$(inherited)",
				);
				GCC_PREPROCESSOR_DEFINITIONS = (
					"DEBUG=1",
					"$(inherited)",
				);
				INFOPLIST_FILE = tableviewClaseTests/Info.plist;
				LD_RUNPATH_SEARCH_PATHS = "$(inherited) @executable_path/Frameworks @loader_path/Frameworks";
				PRODUCT_NAME = "$(TARGET_NAME)";
				TEST_HOST = "$(BUILT_PRODUCTS_DIR)/tableviewClase.app/tableviewClase";
			};
			name = Debug;
		};
		A39548571A39F79E00A6797F /* Release */ = {
			isa = XCBuildConfiguration;
			buildSettings = {
				BUNDLE_LOADER = "$(TEST_HOST)";
				FRAMEWORK_SEARCH_PATHS = (
					"$(SDKROOT)/Developer/Library/Frameworks",
					"$(inherited)",
				);
				INFOPLIST_FILE = tableviewClaseTests/Info.plist;
				LD_RUNPATH_SEARCH_PATHS = "$(inherited) @executable_path/Frameworks @loader_path/Frameworks";
				PRODUCT_NAME = "$(TARGET_NAME)";
				TEST_HOST = "$(BUILT_PRODUCTS_DIR)/tableviewClase.app/tableviewClase";
			};
			name = Release;
		};
/* End XCBuildConfiguration section */

/* Begin XCConfigurationList section */
		A395482A1A39F79E00A6797F /* Build configuration list for PBXProject "tableviewClase" */ = {
			isa = XCConfigurationList;
			buildConfigurations = (
				A39548501A39F79E00A6797F /* Debug */,
				A39548511A39F79E00A6797F /* Release */,
			);
			defaultConfigurationIsVisible = 0;
			defaultConfigurationName = Release;
		};
		A39548521A39F79E00A6797F /* Build configuration list for PBXNativeTarget "tableviewClase" */ = {
			isa = XCConfigurationList;
			buildConfigurations = (
				A39548531A39F79E00A6797F /* Debug */,
				A39548541A39F79E00A6797F /* Release */,
			);
			defaultConfigurationIsVisible = 0;
		};
		A39548551A39F79E00A6797F /* Build configuration list for PBXNativeTarget "tableviewClaseTests" */ = {
			isa = XCConfigurationList;
			buildConfigurations = (
				A39548561A39F79E00A6797F /* Debug */,
				A39548571A39F79E00A6797F /* Release */,
			);
			defaultConfigurationIsVisible = 0;
		};
/* End XCConfigurationList section */
	};
	rootObject = A39548271A39F79E00A6797F /* Project object */;
}
